<?xml version="1.0" encoding="UTF-8"?>
<Scheme
   LastUpgradeVersion = "0730"
   version = "1.3">
   <BuildAction
      parallelizeBuildables = "YES"
      buildImplicitDependencies = "YES">
      <BuildActionEntries>
         <BuildActionEntry
            buildForTesting = "YES"
            buildForRunning = "YES"
            buildForProfiling = "YES"
            buildForArchiving = "YES"
            buildForAnalyzing = "YES">
            <BuildableReference
               BuildableIdentifier = "primary"
               BlueprintIdentifier = "8CDCFB0B1CE2ED5B00E84F36"
               BuildableName = "WeatherMateWatch.app"
               BlueprintName = "WeatherMateWatch"
               ReferencedContainer = "container:WeatherMate.xcodeproj">
            </BuildableReference>
         </BuildActionEntry>
         <BuildActionEntry
            buildForTesting = "YES"
            buildForRunning = "YES"
            buildForProfiling = "YES"
            buildForArchiving = "YES"
            buildForAnalyzing = "YES">
            <BuildableReference
               BuildableIdentifier = "primary"
               BlueprintIdentifier = "8C6FA36B1CC5247D00C1B14C"
               BuildableName = "WeatherMate.app"
               BlueprintName = "WeatherMate"
               ReferencedContainer = "container:WeatherMate.xcodeproj">
            </BuildableReference>
         </BuildActionEntry>
         <BuildActionEntry
            buildForTesting = "YES"
            buildForRunning = "YES"
            buildForProfiling = "YES"
            buildForArchiving = "YES"
            buildForAnalyzing = "YES">
            <BuildableReference
               BuildableIdentifier = "primary"
               BlueprintIdentifier = "8CDCFB171CE2ED5B00E84F36"
               BuildableName = "WeatherMateWatch Extension.appex"
               BlueprintName = "WeatherMateWatch Extension"
               ReferencedContainer = "container:WeatherMate.xcodeproj">
            </BuildableReference>
         </BuildActionEntry>
      </BuildActionEntries>
   </BuildAction>
   <TestAction
      buildConfiguration = "Debug"
      selectedDebuggerIdentifier = "Xcode.DebuggerFoundation.Debugger.LLDB"
      selectedLauncherIdentifier = "Xcode.DebuggerFoundation.Launcher.LLDB"
      shouldUseLaunchSchemeArgsEnv = "YES">
      <Testables>
         <TestableReference
            skipped = "NO">
            <BuildableReference
               BuildableIdentifier = "primary"
               BlueprintIdentifier = "8C033AB31CE49EF80061ABE7"
               BuildableName = "WeatherMateUITests.xctest"
               BlueprintName = "WeatherMateUITests"
               ReferencedContainer = "container:WeatherMate.xcodeproj">
            </BuildableReference>
         </TestableReference>
      </Testables>
      <MacroExpansion>
         <BuildableReference
            BuildableIdentifier = "primary"
            BlueprintIdentifier = "8CDCFB0B1CE2ED5B00E84F36"
            BuildableName = "WeatherMateWatch.app"
            BlueprintName = "WeatherMateWatch"
            ReferencedContainer = "container:WeatherMate.xcodeproj">
         </BuildableReference>
      </MacroExpansion>
      <AdditionalOptions>
      </AdditionalOptions>
   </TestAction>
   <LaunchAction
      buildConfiguration = "Debug"
      selectedDebuggerIdentifier = "Xcode.DebuggerFoundation.Debugger.LLDB"
      selectedLauncherIdentifier = "Xcode.DebuggerFoundation.Launcher.LLDB"
      launchStyle = "0"
      useCustomWorkingDirectory = "NO"
      ignoresPersistentStateOnLaunch = "NO"
      debugDocumentVersioning = "YES"
      debugServiceExtension = "internal"
      allowLocationSimulation = "YES">
      <RemoteRunnable
         runnableDebuggingMode = "2"
         BundleIdentifier = "com.apple.carousel"
         RemotePath = "/WeatherMate">
         <BuildableReference
            BuildableIdentifier = "primary"
            BlueprintIdentifier = "8CDCFB0B1CE2ED5B00E84F36"
            BuildableName = "WeatherMateWatch.app"
            BlueprintName = "WeatherMateWatch"
            ReferencedContainer = "container:WeatherMate.xcodeproj">
         </BuildableReference>
      </RemoteRunnable>
      <MacroExpansion>
         <BuildableReference
            BuildableIdentifier = "primary"
            BlueprintIdentifier = "8CDCFB0B1CE2ED5B00E84F36"
            BuildableName = "WeatherMateWatch.app"
            BlueprintName = "WeatherMateWatch"
            ReferencedContainer = "container:WeatherMate.xcodeproj">
         </BuildableReference>
      </MacroExpansion>
      <AdditionalOptions>
      </AdditionalOptions>
   </LaunchAction>
   <ProfileAction
      buildConfiguration = "Release"
      shouldUseLaunchSchemeArgsEnv = "YES"
      savedToolIdentifier = ""
      useCustomWorkingDirectory = "NO"
      debugDocumentVersioning = "YES">
      <RemoteRunnable
         runnableDebuggingMode = "2"
         BundleIdentifier = "com.apple.carousel"
         RemotePath = "/WeatherMate">
         <BuildableReference
            BuildableIdentifier = "primary"
            BlueprintIdentifier = "8CDCFB0B1CE2ED5B00E84F36"
            BuildableName = "WeatherMateWatch.app"
            BlueprintName = "WeatherMateWatch"
            ReferencedContainer = "container:WeatherMate.xcodeproj">
         </BuildableReference>
      </RemoteRunnable>
      <MacroExpansion>
         <BuildableReference
            BuildableIdentifier = "primary"
            BlueprintIdentifier = "8CDCFB0B1CE2ED5B00E84F36"
            BuildableName = "WeatherMateWatch.app"
            BlueprintName = "WeatherMateWatch"
            ReferencedContainer = "container:WeatherMate.xcodeproj">
         </BuildableReference>
      </MacroExpansion>
   </ProfileAction>
   <AnalyzeAction
      buildConfiguration = "Debug">
   </AnalyzeAction>
   <ArchiveAction
      buildConfiguration = "Release"
      revealArchiveInOrganizer = "YES">
   </ArchiveAction>
</Scheme>
